
Microsoft Visual Studio Solution File, Format Version 12.00
# Visual Studio Version 17
VisualStudioVersion = 17.6.33829.357
MinimumVisualStudioVersion = 10.0.40219.1
Project("{FAE04EC0-301F-11D3-BF4B-00C04F79EFBC}") = "ResumeHostservices", "Resume\ResumeHostservices.csproj", "{E0D56809-8CD4-4FBB-BBD4-C7854A09BC61}"
EndProject
Project("{FAE04EC0-301F-11D3-BF4B-00C04F79EFBC}") = "RES.Domin", "RES.Domin\RES.Domin.csproj", "{74C88DF2-5EC7-4572-B702-458504F5C848}"
EndProject
Project("{FAE04EC0-301F-11D3-BF4B-00C04F79EFBC}") = "RES.Infrastructure", "RES.Infrastructure\RES.Infrastructure.csproj", "{D5AA4BA9-12FA-4A13-8618-014C4B03A5D6}"
EndProject
Project("{FAE04EC0-301F-11D3-BF4B-00C04F79EFBC}") = "RES.FrameWorke", "RES.FrameWorke\RES.FrameWorke.csproj", "{2D6DA937-8A6D-4009-825C-B1835F19A775}"
EndProject
Project("{FAE04EC0-301F-11D3-BF4B-00C04F79EFBC}") = "RES.Services", "RES.Services\RES.Services.csproj", "{823A85F1-B590-4968-A00A-61B78E1758A3}"
EndProject
Global
	GlobalSection(SolutionConfigurationPlatforms) = preSolution
		Debug|Any CPU = Debug|Any CPU
		Release|Any CPU = Release|Any CPU
	EndGlobalSection
	GlobalSection(ProjectConfigurationPlatforms) = postSolution
		{E0D56809-8CD4-4FBB-BBD4-C7854A09BC61}.Debug|Any CPU.ActiveCfg = Debug|Any CPU
		{E0D56809-8CD4-4FBB-BBD4-C7854A09BC61}.Debug|Any CPU.Build.0 = Debug|Any CPU
		{E0D56809-8CD4-4FBB-BBD4-C7854A09BC61}.Release|Any CPU.ActiveCfg = Release|Any CPU
		{E0D56809-8CD4-4FBB-BBD4-C7854A09BC61}.Release|Any CPU.Build.0 = Release|Any CPU
		{74C88DF2-5EC7-4572-B702-458504F5C848}.Debug|Any CPU.ActiveCfg = Debug|Any CPU
		{74C88DF2-5EC7-4572-B702-458504F5C848}.Debug|Any CPU.Build.0 = Debug|Any CPU
		{74C88DF2-5EC7-4572-B702-458504F5C848}.Release|Any CPU.ActiveCfg = Release|Any CPU
		{74C88DF2-5EC7-4572-B702-458504F5C848}.Release|Any CPU.Build.0 = Release|Any CPU
		{D5AA4BA9-12FA-4A13-8618-014C4B03A5D6}.Debug|Any CPU.ActiveCfg = Debug|Any CPU
		{D5AA4BA9-12FA-4A13-8618-014C4B03A5D6}.Debug|Any CPU.Build.0 = Debug|Any CPU
		{D5AA4BA9-12FA-4A13-8618-014C4B03A5D6}.Release|Any CPU.ActiveCfg = Release|Any CPU
		{D5AA4BA9-12FA-4A13-8618-014C4B03A5D6}.Release|Any CPU.Build.0 = Release|Any CPU
		{2D6DA937-8A6D-4009-825C-B1835F19A775}.Debug|Any CPU.ActiveCfg = Debug|Any CPU
		{2D6DA937-8A6D-4009-825C-B1835F19A775}.Debug|Any CPU.Build.0 = Debug|Any CPU
		{2D6DA937-8A6D-4009-825C-B1835F19A775}.Release|Any CPU.ActiveCfg = Release|Any CPU
		{2D6DA937-8A6D-4009-825C-B1835F19A775}.Release|Any CPU.Build.0 = Release|Any CPU
		{823A85F1-B590-4968-A00A-61B78E1758A3}.Debug|Any CPU.ActiveCfg = Debug|Any CPU
		{823A85F1-B590-4968-A00A-61B78E1758A3}.Debug|Any CPU.Build.0 = Debug|Any CPU
		{823A85F1-B590-4968-A00A-61B78E1758A3}.Release|Any CPU.ActiveCfg = Release|Any CPU
		{823A85F1-B590-4968-A00A-61B78E1758A3}.Release|Any CPU.Build.0 = Release|Any CPU
	EndGlobalSection
	GlobalSection(SolutionProperties) = preSolution
		HideSolutionNode = FALSE
	EndGlobalSection
	GlobalSection(ExtensibilityGlobals) = postSolution
		SolutionGuid = {BE392EDB-1E59-4B64-8D97-217C240FCA88}
	EndGlobalSection
EndGlobal
